<?xml version="1.0" encoding="utf-8"?>
<Project ToolsVersion="4.0" xmlns="http://schemas.microsoft.com/developer/msbuild/2003">
  <ItemGroup>
    <Filter Include="src">
      <UniqueIdentifier>{20a56a8a-5a3a-45bd-92d5-3a3db4b391ab}</UniqueIdentifier>
    </Filter>
    <Filter Include="infra">
      <UniqueIdentifier>{a1cdd291-0179-4767-8102-2e343e45baad}</UniqueIdentifier>
    </Filter>
    <Filter Include="infra\mswin">
      <UniqueIdentifier>{2d036387-fb5e-4371-826c-bdb191ab563c}</UniqueIdentifier>
    </Filter>
    <Filter Include="infra\warnings">
      <UniqueIdentifier>{792bcc6e-cb6f-49ff-86a8-8931c79b85a9}</UniqueIdentifier>
    </Filter>
    <Filter Include="infra\basic">
      <UniqueIdentifier>{8dc6dc2a-37e2-46ea-9e23-c29cb88fb5a3}</UniqueIdentifier>
    </Filter>
    <Filter Include="infra\predef">
      <UniqueIdentifier>{ab5e8ecd-8174-4b7a-90f2-823a14c97c96}</UniqueIdentifier>
    </Filter>
    <Filter Include="infra\warnings\conditional_expression_is_constant">
      <UniqueIdentifier>{ecd1ff86-858e-466e-9756-818705c4d8c5}</UniqueIdentifier>
    </Filter>
    <Filter Include="infra\warnings\integral_overflow">
      <UniqueIdentifier>{633f6e20-7d1d-4126-8cfc-cbf94c01bfc0}</UniqueIdentifier>
    </Filter>
    <Filter Include="test">
      <UniqueIdentifier>{fe4e34c9-93ae-4bb3-bf88-2ce313ce4431}</UniqueIdentifier>
    </Filter>
    <Filter Include="test\infra">
      <UniqueIdentifier>{3615ecc4-4308-45e4-99de-9163aae9cf58}</UniqueIdentifier>
    </Filter>
  </ItemGroup>
  <ItemGroup>
    <ClCompile Include="..\..\..\src\scattercc.cpp">
      <Filter>src</Filter>
    </ClCompile>
    <ClCompile Include="..\..\..\infra\infra.cpp">
      <Filter>infra</Filter>
    </ClCompile>
    <ClCompile Include="..\..\..\test\infra\test_string.cpp">
      <Filter>test\infra</Filter>
    </ClCompile>
    <ClCompile Include="..\..\..\test\infra\main.cpp">
      <Filter>test\infra</Filter>
    </ClCompile>
    <ClCompile Include="..\..\..\test\infra\test_types.cpp">
      <Filter>test\infra</Filter>
    </ClCompile>
  </ItemGroup>
  <ItemGroup>
    <ClInclude Include="..\..\..\infra\infra.h">
      <Filter>infra</Filter>
    </ClInclude>
    <ClInclude Include="..\..\..\infra\mswin\target.h">
      <Filter>infra\mswin</Filter>
    </ClInclude>
    <ClInclude Include="..\..\..\infra\predef\ide.h">
      <Filter>infra\predef</Filter>
    </ClInclude>
    <ClInclude Include="..\..\..\infra\predef\maybe_unused.h">
      <Filter>infra\predef</Filter>
    </ClInclude>
    <ClInclude Include="..\..\..\infra\predef\static_assert.h">
      <Filter>infra\predef</Filter>
    </ClInclude>
    <ClInclude Include="..\..\..\infra\predef\types.h">
      <Filter>infra\predef</Filter>
    </ClInclude>
    <ClInclude Include="..\..\..\infra\basic\basic_math.h">
      <Filter>infra\basic</Filter>
    </ClInclude>
    <ClInclude Include="..\..\..\infra\basic\string.h">
      <Filter>infra\basic</Filter>
    </ClInclude>
    <ClInclude Include="..\..\..\infra\warnings\integral_overflow\disable.h">
      <Filter>infra\warnings\integral_overflow</Filter>
    </ClInclude>
    <ClInclude Include="..\..\..\infra\warnings\integral_overflow\restore.h">
      <Filter>infra\warnings\integral_overflow</Filter>
    </ClInclude>
    <ClInclude Include="..\..\..\infra\warnings\conditional_expression_is_constant\disable.h">
      <Filter>infra\warnings\conditional_expression_is_constant</Filter>
    </ClInclude>
    <ClInclude Include="..\..\..\infra\warnings\conditional_expression_is_constant\restore.h">
      <Filter>infra\warnings\conditional_expression_is_constant</Filter>
    </ClInclude>
  </ItemGroup>
</Project>