<?xml version="1.0" encoding="utf-8"?>
<Project ToolsVersion="4.0" xmlns="http://schemas.microsoft.com/developer/msbuild/2003">
  <ItemGroup>
    <Filter Include="src">
      <UniqueIdentifier>{45aded25-f6a9-4b85-b13c-2bfeb6af41a3}</UniqueIdentifier>
    </Filter>
    <Filter Include="infra">
      <UniqueIdentifier>{e74f113c-efc6-48f8-9212-b6d6dcd99bb4}</UniqueIdentifier>
    </Filter>
    <Filter Include="infra\infra">
      <UniqueIdentifier>{b9e08b3f-52fa-40e0-acc8-7d03022596b5}</UniqueIdentifier>
    </Filter>
  </ItemGroup>
  <ItemGroup>
    <ClCompile Include="..\..\..\src\scatterccd.cpp">
      <Filter>src</Filter>
    </ClCompile>
    <ClCompile Include="..\..\..\infra\infra.cpp">
      <Filter>infra</Filter>
    </ClCompile>
  </ItemGroup>
  <ItemGroup>
    <ClInclude Include="..\..\..\infra\infra.h">
      <Filter>infra</Filter>
    </ClInclude>
    <ClInclude Include="..\..\..\infra\infra\maybe_unused.h">
      <Filter>infra\infra</Filter>
    </ClInclude>
  </ItemGroup>
</Project>