<?xml version="1.0" encoding="utf-8"?>
<Project ToolsVersion="4.0" xmlns="http://schemas.microsoft.com/developer/msbuild/2003">
  <ItemGroup>
    <ClInclude Include="$(MSBuildThisFileDirectory)..\..\infra\infra.h" />
    <ClInclude Include="$(MSBuildThisFileDirectory)..\..\infra\infra\maybe_unused.h">
      <Filter>infra</Filter>
    </ClInclude>
  </ItemGroup>
  <ItemGroup>
    <ClCompile Include="$(MSBuildThisFileDirectory)..\..\infra\infra.cpp" />
  </ItemGroup>
  <ItemGroup>
    <Filter Include="infra">
      <UniqueIdentifier>{4e32ebda-c01b-46c1-ac6a-9659b9b1bceb}</UniqueIdentifier>
    </Filter>
  </ItemGroup>
</Project>