<?xml version="1.0" encoding="utf-8"?>
<Project ToolsVersion="4.0" xmlns="http://schemas.microsoft.com/developer/msbuild/2003">
  <ItemGroup>
    <Filter Include="infra">
      <UniqueIdentifier>{fd540c96-d392-4fc9-9377-cdaa895aee74}</UniqueIdentifier>
    </Filter>
  </ItemGroup>
  <ItemGroup>
    <ClInclude Include="$(MSBuildThisFileDirectory)..\..\infra\infra\maybe_unused.h">
      <Filter>infra</Filter>
    </ClInclude>
  </ItemGroup>
</Project>