
Microsoft Visual Studio Solution File, Format Version 12.00
# Visual Studio 15
VisualStudioVersion = 15.0.28307.271
MinimumVisualStudioVersion = 10.0.40219.1
Project("{8BC9CEB8-8B4A-11D0-8D11-00A0C91BC942}") = "scattercc", "scattercc\scattercc.vcxproj", "{BEEEDD12-A863-472E-9140-F59B0BFBCE78}"
EndProject
Project("{8BC9CEB8-8B4A-11D0-8D11-00A0C91BC942}") = "scatterccd", "scatterccd\scatterccd.vcxproj", "{01127971-8C4B-41ED-BE59-D47C084FA590}"
EndProject
Global
	GlobalSection(SolutionConfigurationPlatforms) = preSolution
		Debug|x64 = Debug|x64
		Release|x64 = Release|x64
	EndGlobalSection
	GlobalSection(ProjectConfigurationPlatforms) = postSolution
		{BEEEDD12-A863-472E-9140-F59B0BFBCE78}.Debug|x64.ActiveCfg = Debug|x64
		{BEEEDD12-A863-472E-9140-F59B0BFBCE78}.Debug|x64.Build.0 = Debug|x64
		{BEEEDD12-A863-472E-9140-F59B0BFBCE78}.Release|x64.ActiveCfg = Release|x64
		{BEEEDD12-A863-472E-9140-F59B0BFBCE78}.Release|x64.Build.0 = Release|x64
		{01127971-8C4B-41ED-BE59-D47C084FA590}.Debug|x64.ActiveCfg = Debug|x64
		{01127971-8C4B-41ED-BE59-D47C084FA590}.Debug|x64.Build.0 = Debug|x64
		{01127971-8C4B-41ED-BE59-D47C084FA590}.Release|x64.ActiveCfg = Release|x64
		{01127971-8C4B-41ED-BE59-D47C084FA590}.Release|x64.Build.0 = Release|x64
	EndGlobalSection
	GlobalSection(SolutionProperties) = preSolution
		HideSolutionNode = FALSE
	EndGlobalSection
	GlobalSection(ExtensibilityGlobals) = postSolution
		SolutionGuid = {AB4BDA32-9220-4134-948E-56A3A1D3EC3C}
	EndGlobalSection
EndGlobal
